// !$*UTF8*$!
{
	archiveVersion = 1;
	classes = {
	};
	objectVersion = 50;
	objects = {

/* Begin PBXBuildFile section */
		A62750F3218B73E10014ACAC /* AppDelegate.swift in Sources */ = {isa = PBXBuildFile; fileRef = A62750F2218B73E10014ACAC /* AppDelegate.swift */; };
		A62750F5218B73E10014ACAC /* ArtViewController.swift in Sources */ = {isa = PBXBuildFile; fileRef = A62750F4218B73E10014ACAC /* ArtViewController.swift */; };
		A62750F8218B73E10014ACAC /* Main.storyboard in Resources */ = {isa = PBXBuildFile; fileRef = A62750F6218B73E10014ACAC /* Main.storyboard */; };
		A62750FA218B73E30014ACAC /* Assets.xcassets in Resources */ = {isa = PBXBuildFile; fileRef = A62750F9218B73E30014ACAC /* Assets.xcassets */; };
		A62750FD218B73E30014ACAC /* LaunchScreen.storyboard in Resources */ = {isa = PBXBuildFile; fileRef = A62750FB218B73E30014ACAC /* LaunchScreen.storyboard */; };
		A6275108218B7D120014ACAC /* DrawingView.swift in Sources */ = {isa = PBXBuildFile; fileRef = A6275107218B7D120014ACAC /* DrawingView.swift */; };
		A67337CD219371EF000EA442 /* ArtCollectionViewController.swift in Sources */ = {isa = PBXBuildFile; fileRef = A67337CC219371EF000EA442 /* ArtCollectionViewController.swift */; };
/* End PBXBuildFile section */

/* Begin PBXFileReference section */
		A62750EF218B73E10014ACAC /* iOSArtProject.app */ = {isa = PBXFileReference; explicitFileType = wrapper.application; includeInIndex = 0; path = iOSArtProject.app; sourceTree = BUILT_PRODUCTS_DIR; };
		A62750F2218B73E10014ACAC /* AppDelegate.swift */ = {isa = PBXFileReference; lastKnownFileType = sourcecode.swift; path = AppDelegate.swift; sourceTree = "<group>"; };
		A62750F4218B73E10014ACAC /* ArtViewController.swift */ = {isa = PBXFileReference; lastKnownFileType = sourcecode.swift; path = ArtViewController.swift; sourceTree = "<group>"; };
		A62750F7218B73E10014ACAC /* Base */ = {isa = PBXFileReference; lastKnownFileType = file.storyboard; name = Base; path = Base.lproj/Main.storyboard; sourceTree = "<group>"; };
		A62750F9218B73E30014ACAC /* Assets.xcassets */ = {isa = PBXFileReference; lastKnownFileType = folder.assetcatalog; path = Assets.xcassets; sourceTree = "<group>"; };
		A62750FC218B73E30014ACAC /* Base */ = {isa = PBXFileReference; lastKnownFileType = file.storyboard; name = Base; path = Base.lproj/LaunchScreen.storyboard; sourceTree = "<group>"; };
		A62750FE218B73E30014ACAC /* Info.plist */ = {isa = PBXFileReference; lastKnownFileType = text.plist.xml; path = Info.plist; sourceTree = "<group>"; };
		A6275107218B7D120014ACAC /* DrawingView.swift */ = {isa = PBXFileReference; lastKnownFileType = sourcecode.swift; path = DrawingView.swift; sourceTree = "<group>"; };
		A67337CC219371EF000EA442 /* ArtCollectionViewController.swift */ = {isa = PBXFileReference; lastKnownFileType = sourcecode.swift; path = ArtCollectionViewController.swift; sourceTree = "<group>"; };
/* End PBXFileReference section */

/* Begin PBXFrameworksBuildPhase section */
		A62750EC218B73E00014ACAC /* Frameworks */ = {
			isa = PBXFrameworksBuildPhase;
			buildActionMask = 2147483647;
			files = (
			);
			runOnlyForDeploymentPostprocessing = 0;
		};
/* End PBXFrameworksBuildPhase section */

/* Begin PBXGroup section */
		A62750E6218B73E00014ACAC = {
			isa = PBXGroup;
			children = (
				A62750F1218B73E10014ACAC /* iOSArtProject */,
				A62750F0218B73E10014ACAC /* Products */,
			);
			sourceTree = "<group>";
		};
		A62750F0218B73E10014ACAC /* Products */ = {
			isa = PBXGroup;
			children = (
				A62750EF218B73E10014ACAC /* iOSArtProject.app */,
			);
			name = Products;
			sourceTree = "<group>";
		};
		A62750F1218B73E10014ACAC /* iOSArtProject */ = {
			isa = PBXGroup;
			children = (
				A6275105218B74190014ACAC /* Resources */,
				A6275106218B74430014ACAC /* Controller */,
				A6275104218B740D0014ACAC /* View */,
			);
			path = iOSArtProject;
			sourceTree = "<group>";
		};
		A6275104218B740D0014ACAC /* View */ = {
			isa = PBXGroup;
			children = (
				A62750F6218B73E10014ACAC /* Main.storyboard */,
				A62750FB218B73E30014ACAC /* LaunchScreen.storyboard */,
				A6275107218B7D120014ACAC /* DrawingView.swift */,
			);
			path = View;
			sourceTree = "<group>";
		};
		A6275105218B74190014ACAC /* Resources */ = {
			isa = PBXGroup;
			children = (
				A62750F2218B73E10014ACAC /* AppDelegate.swift */,
				A62750F9218B73E30014ACAC /* Assets.xcassets */,
				A62750FE218B73E30014ACAC /* Info.plist */,
			);
			path = Resources;
			sourceTree = "<group>";
		};
		A6275106218B74430014ACAC /* Controller */ = {
			isa = PBXGroup;
			children = (
				A67337CC219371EF000EA442 /* ArtCollectionViewController.swift */,
				A62750F4218B73E10014ACAC /* ArtViewController.swift */,
			);
			path = Controller;
			sourceTree = "<group>";
		};
/* End PBXGroup section */

/* Begin PBXNativeTarget section */
		A62750EE218B73E00014ACAC /* iOSArtProject */ = {
			isa = PBXNativeTarget;
			buildConfigurationList = A6275101218B73E30014ACAC /* Build configuration list for PBXNativeTarget "iOSArtProject" */;
			buildPhases = (
				A62750EB218B73E00014ACAC /* Sources */,
				A62750EC218B73E00014ACAC /* Frameworks */,
				A62750ED218B73E00014ACAC /* Resources */,
			);
			buildRules = (
			);
			dependencies = (
			);
			name = iOSArtProject;
			productName = iOSArtProject;
			productReference = A62750EF218B73E10014ACAC /* iOSArtProject.app */;
			productType = "com.apple.product-type.application";
		};
/* End PBXNativeTarget section */

/* Begin PBXProject section */
		A62750E7218B73E00014ACAC /* Project object */ = {
			isa = PBXProject;
			attributes = {
				LastSwiftUpdateCheck = 0940;
				LastUpgradeCheck = 0940;
				ORGANIZATIONNAME = CTEC;
				TargetAttributes = {
					A62750EE218B73E00014ACAC = {
						CreatedOnToolsVersion = 9.4.1;
					};
				};
			};
			buildConfigurationList = A62750EA218B73E00014ACAC /* Build configuration list for PBXProject "iOSArtProject" */;
			compatibilityVersion = "Xcode 9.3";
			developmentRegion = en;
			hasScannedForEncodings = 0;
			knownRegions = (
				en,
				Base,
			);
			mainGroup = A62750E6218B73E00014ACAC;
			productRefGroup = A62750F0218B73E10014ACAC /* Products */;
			projectDirPath = "";
			projectRoot = "";
			targets = (
				A62750EE218B73E00014ACAC /* iOSArtProject */,
			);
		};
/* End PBXProject section */

/* Begin PBXResourcesBuildPhase section */
		A62750ED218B73E00014ACAC /* Resources */ = {
			isa = PBXResourcesBuildPhase;
			buildActionMask = 2147483647;
			files = (
				A62750FD218B73E30014ACAC /* LaunchScreen.storyboard in Resources */,
				A62750FA218B73E30014ACAC /* Assets.xcassets in Resources */,
				A62750F8218B73E10014ACAC /* Main.storyboard in Resources */,
			);
			runOnlyForDeploymentPostprocessing = 0;
		};
/* End PBXResourcesBuildPhase section */

/* Begin PBXSourcesBuildPhase section */
		A62750EB218B73E00014ACAC /* Sources */ = {
			isa = PBXSourcesBuildPhase;
			buildActionMask = 2147483647;
			files = (
				A6275108218B7D120014ACAC /* DrawingView.swift in Sources */,
				A62750F5218B73E10014ACAC /* ArtViewController.swift in Sources */,
				A67337CD219371EF000EA442 /* ArtCollectionViewController.swift in Sources */,
				A62750F3218B73E10014ACAC /* AppDelegate.swift in Sources */,
			);
			runOnlyForDeploymentPostprocessing = 0;
		};
/* End PBXSourcesBuildPhase section */

/* Begin PBXVariantGroup section */
		A62750F6218B73E10014ACAC /* Main.storyboard */ = {
			isa = PBXVariantGroup;
			children = (
				A62750F7218B73E10014ACAC /* Base */,
			);
			name = Main.storyboard;
			sourceTree = "<group>";
		};
		A62750FB218B73E30014ACAC /* LaunchScreen.storyboard */ = {
			isa = PBXVariantGroup;
			children = (
				A62750FC218B73E30014ACAC /* Base */,
			);
			name = LaunchScreen.storyboard;
			sourceTree = "<group>";
		};
/* End PBXVariantGroup section */

/* Begin XCBuildConfiguration section */
		A62750FF218B73E30014ACAC /* Debug */ = {
			isa = XCBuildConfiguration;
			buildSettings = {
				ALWAYS_SEARCH_USER_PATHS = NO;
				CLANG_ANALYZER_NONNULL = YES;
				CLANG_ANALYZER_NUMBER_OBJECT_CONVERSION = YES_AGGRESSIVE;
				CLANG_CXX_LANGUAGE_STANDARD = "gnu++14";
				CLANG_CXX_LIBRARY = "libc++";
				CLANG_ENABLE_MODULES = YES;
				CLANG_ENABLE_OBJC_ARC = YES;
				CLANG_ENABLE_OBJC_WEAK = YES;
				CLANG_WARN_BLOCK_CAPTURE_AUTORELEASING = YES;
				CLANG_WARN_BOOL_CONVERSION = YES;
				CLANG_WARN_COMMA = YES;
				CLANG_WARN_CONSTANT_CONVERSION = YES;
				CLANG_WARN_DEPRECATED_OBJC_IMPLEMENTATIONS = YES;
				CLANG_WARN_DIRECT_OBJC_ISA_USAGE = YES_ERROR;
				CLANG_WARN_DOCUMENTATION_COMMENTS = YES;
				CLANG_WARN_EMPTY_BODY = YES;
				CLANG_WARN_ENUM_CONVERSION = YES;
				CLANG_WARN_INFINITE_RECURSION = YES;
				CLANG_WARN_INT_CONVERSION = YES;
				CLANG_WARN_NON_LITERAL_NULL_CONVERSION = YES;
				CLANG_WARN_OBJC_IMPLICIT_RETAIN_SELF = YES;
				CLANG_WARN_OBJC_LITERAL_CONVERSION = YES;
				CLANG_WARN_OBJC_ROOT_CLASS = YES_ERROR;
				CLANG_WARN_RANGE_LOOP_ANALYSIS = YES;
				CLANG_WARN_STRICT_PROTOTYPES = YES;
				CLANG_WARN_SUSPICIOUS_MOVE = YES;
				CLANG_WARN_UNGUARDED_AVAILABILITY = YES_AGGRESSIVE;
				CLANG_WARN_UNREACHABLE_CODE = YES;
				CLANG_WARN__DUPLICATE_METHOD_MATCH = YES;
				CODE_SIGN_IDENTITY = "iPhone Developer";
				COPY_PHASE_STRIP = NO;
				DEBUG_INFORMATION_FORMAT = dwarf;
				ENABLE_STRICT_OBJC_MSGSEND = YES;
				ENABLE_TESTABILITY = YES;
				GCC_C_LANGUAGE_STANDARD = gnu11;
				GCC_DYNAMIC_NO_PIC = NO;
				GCC_NO_COMMON_BLOCKS = YES;
				GCC_OPTIMIZATION_LEVEL = 0;
				GCC_PREPROCESSOR_DEFINITIONS = (
					"DEBUG=1",
					"$(inherited)",
				);
				GCC_WARN_64_TO_32_BIT_CONVERSION = YES;
				GCC_WARN_ABOUT_RETURN_TYPE = YES_ERROR;
				GCC_WARN_UNDECLARED_SELECTOR = YES;
				GCC_WARN_UNINITIALIZED_AUTOS = YES_AGGRESSIVE;
				GCC_WARN_UNUSED_FUNCTION = YES;
				GCC_WARN_UNUSED_VARIABLE = YES;
				IPHONEOS_DEPLOYMENT_TARGET = 11.4;
				MTL_ENABLE_DEBUG_INFO = YES;
				ONLY_ACTIVE_ARCH = YES;
				SDKROOT = iphoneos;
				SWIFT_ACTIVE_COMPILATION_CONDITIONS = DEBUG;
				SWIFT_OPTIMIZATION_LEVEL = "-Onone";
			};
			name = Debug;
		};
		A6275100218B73E30014ACAC /* Release */ = {
			isa = XCBuildConfiguration;
			buildSettings = {
				ALWAYS_SEARCH_USER_PATHS = NO;
				CLANG_ANALYZER_NONNULL = YES;
				CLANG_ANALYZER_NUMBER_OBJECT_CONVERSION = YES_AGGRESSIVE;
				CLANG_CXX_LANGUAGE_STANDARD = "gnu++14";
				CLANG_CXX_LIBRARY = "libc++";
				CLANG_ENABLE_MODULES = YES;
				CLANG_ENABLE_OBJC_ARC = YES;
				CLANG_ENABLE_OBJC_WEAK = YES;
				CLANG_WARN_BLOCK_CAPTURE_AUTORELEASING = YES;
				CLANG_WARN_BOOL_CONVERSION = YES;
				CLANG_WARN_COMMA = YES;
				CLANG_WARN_CONSTANT_CONVERSION = YES;
				CLANG_WARN_DEPRECATED_OBJC_IMPLEMENTATIONS = YES;
				CLANG_WARN_DIRECT_OBJC_ISA_USAGE = YES_ERROR;
				CLANG_WARN_DOCUMENTATION_COMMENTS = YES;
				CLANG_WARN_EMPTY_BODY = YES;
				CLANG_WARN_ENUM_CONVERSION = YES;
				CLANG_WARN_INFINITE_RECURSION = YES;
				CLANG_WARN_INT_CONVERSION = YES;
				CLANG_WARN_NON_LITERAL_NULL_CONVERSION = YES;
				CLANG_WARN_OBJC_IMPLICIT_RETAIN_SELF = YES;
				CLANG_WARN_OBJC_LITERAL_CONVERSION = YES;
				CLANG_WARN_OBJC_ROOT_CLASS = YES_ERROR;
				CLANG_WARN_RANGE_LOOP_ANALYSIS = YES;
				CLANG_WARN_STRICT_PROTOTYPES = YES;
				CLANG_WARN_SUSPICIOUS_MOVE = YES;
				CLANG_WARN_UNGUARDED_AVAILABILITY = YES_AGGRESSIVE;
				CLANG_WARN_UNREACHABLE_CODE = YES;
				CLANG_WARN__DUPLICATE_METHOD_MATCH = YES;
				CODE_SIGN_IDENTITY = "iPhone Developer";
				COPY_PHASE_STRIP = NO;
				DEBUG_INFORMATION_FORMAT = "dwarf-with-dsym";
				ENABLE_NS_ASSERTIONS = NO;
				ENABLE_STRICT_OBJC_MSGSEND = YES;
				GCC_C_LANGUAGE_STANDARD = gnu11;
				GCC_NO_COMMON_BLOCKS = YES;
				GCC_WARN_64_TO_32_BIT_CONVERSION = YES;
				GCC_WARN_ABOUT_RETURN_TYPE = YES_ERROR;
				GCC_WARN_UNDECLARED_SELECTOR = YES;
				GCC_WARN_UNINITIALIZED_AUTOS = YES_AGGRESSIVE;
				GCC_WARN_UNUSED_FUNCTION = YES;
				GCC_WARN_UNUSED_VARIABLE = YES;
				IPHONEOS_DEPLOYMENT_TARGET = 11.4;
				MTL_ENABLE_DEBUG_INFO = NO;
				SDKROOT = iphoneos;
				SWIFT_COMPILATION_MODE = wholemodule;
				SWIFT_OPTIMIZATION_LEVEL = "-O";
				VALIDATE_PRODUCT = YES;
			};
			name = Release;
		};
		A6275102218B73E30014ACAC /* Debug */ = {
			isa = XCBuildConfiguration;
			buildSettings = {
				ASSETCATALOG_COMPILER_APPICON_NAME = AppIcon;
				CODE_SIGN_STYLE = Automatic;
				INFOPLIST_FILE = "$(SRCROOT)/iOSArtProject/Resources/Info.plist";
				LD_RUNPATH_SEARCH_PATHS = (
					"$(inherited)",
					"@executable_path/Frameworks",
				);
				PRODUCT_BUNDLE_IDENTIFIER = CTEC.iOSArtProject;
				PRODUCT_NAME = "$(TARGET_NAME)";
				SWIFT_VERSION = 4.0;
				TARGETED_DEVICE_FAMILY = "1,2";
			};
			name = Debug;
		};
		A6275103218B73E30014ACAC /* Release */ = {
			isa = XCBuildConfiguration;
			buildSettings = {
				ASSETCATALOG_COMPILER_APPICON_NAME = AppIcon;
				CODE_SIGN_STYLE = Automatic;
				INFOPLIST_FILE = "$(SRCROOT)/iOSArtProject/Resources/Info.plist";
				LD_RUNPATH_SEARCH_PATHS = (
					"$(inherited)",
					"@executable_path/Frameworks",
				);
				PRODUCT_BUNDLE_IDENTIFIER = CTEC.iOSArtProject;
				PRODUCT_NAME = "$(TARGET_NAME)";
				SWIFT_VERSION = 4.0;
				TARGETED_DEVICE_FAMILY = "1,2";
			};
			name = Release;
		};
/* End XCBuildConfiguration section */

/* Begin XCConfigurationList section */
		A62750EA218B73E00014ACAC /* Build configuration list for PBXProject "iOSArtProject" */ = {
			isa = XCConfigurationList;
			buildConfigurations = (
				A62750FF218B73E30014ACAC /* Debug */,
				A6275100218B73E30014ACAC /* Release */,
			);
			defaultConfigurationIsVisible = 0;
			defaultConfigurationName = Release;
		};
		A6275101218B73E30014ACAC /* Build configuration list for PBXNativeTarget "iOSArtProject" */ = {
			isa = XCConfigurationList;
			buildConfigurations = (
				A6275102218B73E30014ACAC /* Debug */,
				A6275103218B73E30014ACAC /* Release */,
			);
			defaultConfigurationIsVisible = 0;
			defaultConfigurationName = Release;
		};
/* End XCConfigurationList section */
	};
	rootObject = A62750E7218B73E00014ACAC /* Project object */;
}
